
Microsoft Visual Studio Solution File, Format Version 12.00
# Visual Studio Version 17
VisualStudioVersion = 17.9.34728.123
MinimumVisualStudioVersion = 10.0.40219.1
Project("{2150E333-8FDC-42A3-9474-1A3956D46DE8}") = "Raspberry", "Raspberry", "{20081CA4-89DB-4975-9F30-DC722D1CE107}"
EndProject
Project("{9A19103F-16F7-4668-BE54-9A1E7A4F7556}") = "Raspberry.App", "Raspberry\Raspberry.App\Raspberry.App.csproj", "{F13EDF9D-5D11-47E2-88CD-BED27A3D0612}"
EndProject
Project("{9A19103F-16F7-4668-BE54-9A1E7A4F7556}") = "Raspberry.Client", "Raspberry\Raspberry.Client\Raspberry.Client.csproj", "{FCE9972E-E1FA-4A0B-8EBB-F950FE0250C5}"
EndProject
Project("{888888A0-9F3D-457C-B088-3A5042F75D52}") = "Raspberry.Server", "Raspberry\Raspberry.Server\Raspberry.Server.pyproj", "{5A3C6887-72E7-445F-BF59-17A4E64CBBD7}"
EndProject
Project("{9A19103F-16F7-4668-BE54-9A1E7A4F7556}") = "SYN6288.App", "SYN6288.App\SYN6288.App.csproj", "{3FA91496-73AD-40AC-AFF6-D88715ABBAFE}"
EndProject
Project("{2150E333-8FDC-42A3-9474-1A3956D46DE8}") = "TPYBoard", "TPYBoard", "{D7F26E2F-3EBC-4960-AE81-FF954C086BB5}"
EndProject
Project("{888888A0-9F3D-457C-B088-3A5042F75D52}") = "TPYBoard.App", "TPYBoard\TPYBoard.App\TPYBoard.App.pyproj", "{42BE0EEE-35EF-46A0-AEBB-42580867E044}"
EndProject
Project("{888888A0-9F3D-457C-B088-3A5042F75D52}") = "TPYBoard_lib", "TPYBoard\TPYBoard_lib\TPYBoard_lib.pyproj", "{F457C473-52BD-4E6E-A43B-99B6DFFBA1F4}"
EndProject
Project("{888888A0-9F3D-457C-B088-3A5042F75D52}") = "TPYBoard-v102", "TPYBoard\TPYBoard-v102\TPYBoard-v102.pyproj", "{84F654F0-0DFE-4E33-8A13-FD92633747CA}"
EndProject
Project("{2150E333-8FDC-42A3-9474-1A3956D46DE8}") = "C51", "C51", "{3E111A2B-A6D3-4372-9314-1AD5B2B54D69}"
EndProject
Project("{2150E333-8FDC-42A3-9474-1A3956D46DE8}") = "STM32", "STM32", "{1FD74201-33B9-485B-B555-F887CEE25794}"
EndProject
Project("{FAE04EC0-301F-11D3-BF4B-00C04F79EFBC}") = "LaserRangeFinder.App", "LaserRangeFinder.App\LaserRangeFinder.App.csproj", "{FE3C426E-8D84-4872-B632-A3E9483FFBC6}"
EndProject
Global
	GlobalSection(SolutionConfigurationPlatforms) = preSolution
		Debug|Any CPU = Debug|Any CPU
		Release|Any CPU = Release|Any CPU
	EndGlobalSection
	GlobalSection(ProjectConfigurationPlatforms) = postSolution
		{F13EDF9D-5D11-47E2-88CD-BED27A3D0612}.Debug|Any CPU.ActiveCfg = Debug|Any CPU
		{F13EDF9D-5D11-47E2-88CD-BED27A3D0612}.Debug|Any CPU.Build.0 = Debug|Any CPU
		{F13EDF9D-5D11-47E2-88CD-BED27A3D0612}.Debug|Any CPU.Deploy.0 = Debug|Any CPU
		{F13EDF9D-5D11-47E2-88CD-BED27A3D0612}.Release|Any CPU.ActiveCfg = Release|Any CPU
		{F13EDF9D-5D11-47E2-88CD-BED27A3D0612}.Release|Any CPU.Build.0 = Release|Any CPU
		{F13EDF9D-5D11-47E2-88CD-BED27A3D0612}.Release|Any CPU.Deploy.0 = Release|Any CPU
		{FCE9972E-E1FA-4A0B-8EBB-F950FE0250C5}.Debug|Any CPU.ActiveCfg = Debug|Any CPU
		{FCE9972E-E1FA-4A0B-8EBB-F950FE0250C5}.Debug|Any CPU.Build.0 = Debug|Any CPU
		{FCE9972E-E1FA-4A0B-8EBB-F950FE0250C5}.Release|Any CPU.ActiveCfg = Release|Any CPU
		{FCE9972E-E1FA-4A0B-8EBB-F950FE0250C5}.Release|Any CPU.Build.0 = Release|Any CPU
		{5A3C6887-72E7-445F-BF59-17A4E64CBBD7}.Debug|Any CPU.ActiveCfg = Debug|Any CPU
		{5A3C6887-72E7-445F-BF59-17A4E64CBBD7}.Release|Any CPU.ActiveCfg = Release|Any CPU
		{3FA91496-73AD-40AC-AFF6-D88715ABBAFE}.Debug|Any CPU.ActiveCfg = Debug|Any CPU
		{3FA91496-73AD-40AC-AFF6-D88715ABBAFE}.Debug|Any CPU.Build.0 = Debug|Any CPU
		{3FA91496-73AD-40AC-AFF6-D88715ABBAFE}.Release|Any CPU.ActiveCfg = Release|Any CPU
		{3FA91496-73AD-40AC-AFF6-D88715ABBAFE}.Release|Any CPU.Build.0 = Release|Any CPU
		{42BE0EEE-35EF-46A0-AEBB-42580867E044}.Debug|Any CPU.ActiveCfg = Debug|Any CPU
		{42BE0EEE-35EF-46A0-AEBB-42580867E044}.Release|Any CPU.ActiveCfg = Release|Any CPU
		{F457C473-52BD-4E6E-A43B-99B6DFFBA1F4}.Debug|Any CPU.ActiveCfg = Debug|Any CPU
		{F457C473-52BD-4E6E-A43B-99B6DFFBA1F4}.Release|Any CPU.ActiveCfg = Release|Any CPU
		{84F654F0-0DFE-4E33-8A13-FD92633747CA}.Debug|Any CPU.ActiveCfg = Debug|Any CPU
		{84F654F0-0DFE-4E33-8A13-FD92633747CA}.Release|Any CPU.ActiveCfg = Release|Any CPU
		{FE3C426E-8D84-4872-B632-A3E9483FFBC6}.Debug|Any CPU.ActiveCfg = Debug|Any CPU
		{FE3C426E-8D84-4872-B632-A3E9483FFBC6}.Debug|Any CPU.Build.0 = Debug|Any CPU
		{FE3C426E-8D84-4872-B632-A3E9483FFBC6}.Release|Any CPU.ActiveCfg = Release|Any CPU
		{FE3C426E-8D84-4872-B632-A3E9483FFBC6}.Release|Any CPU.Build.0 = Release|Any CPU
	EndGlobalSection
	GlobalSection(SolutionProperties) = preSolution
		HideSolutionNode = FALSE
	EndGlobalSection
	GlobalSection(NestedProjects) = preSolution
		{F13EDF9D-5D11-47E2-88CD-BED27A3D0612} = {20081CA4-89DB-4975-9F30-DC722D1CE107}
		{FCE9972E-E1FA-4A0B-8EBB-F950FE0250C5} = {20081CA4-89DB-4975-9F30-DC722D1CE107}
		{5A3C6887-72E7-445F-BF59-17A4E64CBBD7} = {20081CA4-89DB-4975-9F30-DC722D1CE107}
		{42BE0EEE-35EF-46A0-AEBB-42580867E044} = {D7F26E2F-3EBC-4960-AE81-FF954C086BB5}
		{F457C473-52BD-4E6E-A43B-99B6DFFBA1F4} = {D7F26E2F-3EBC-4960-AE81-FF954C086BB5}
		{84F654F0-0DFE-4E33-8A13-FD92633747CA} = {D7F26E2F-3EBC-4960-AE81-FF954C086BB5}
	EndGlobalSection
	GlobalSection(ExtensibilityGlobals) = postSolution
		SolutionGuid = {3E50398C-5F6F-4F89-ACB4-FF6EBAEC5833}
	EndGlobalSection
EndGlobal
