
Microsoft Visual Studio Solution File, Format Version 12.00
# Visual Studio Version 17
VisualStudioVersion = 17.9.34728.123
MinimumVisualStudioVersion = 10.0.40219.1
Project("{FAE04EC0-301F-11D3-BF4B-00C04F79EFBC}") = "NRF24L01.App", "NRF24L01.App\NRF24L01.App.csproj", "{88E5A601-F209-4D62-8CB3-A315D76EB9F1}"
EndProject
Global
	GlobalSection(SolutionConfigurationPlatforms) = preSolution
		Debug|Any CPU = Debug|Any CPU
		Release|Any CPU = Release|Any CPU
	EndGlobalSection
	GlobalSection(ProjectConfigurationPlatforms) = postSolution
		{88E5A601-F209-4D62-8CB3-A315D76EB9F1}.Debug|Any CPU.ActiveCfg = Debug|Any CPU
		{88E5A601-F209-4D62-8CB3-A315D76EB9F1}.Debug|Any CPU.Build.0 = Debug|Any CPU
		{88E5A601-F209-4D62-8CB3-A315D76EB9F1}.Release|Any CPU.ActiveCfg = Release|Any CPU
		{88E5A601-F209-4D62-8CB3-A315D76EB9F1}.Release|Any CPU.Build.0 = Release|Any CPU
	EndGlobalSection
	GlobalSection(SolutionProperties) = preSolution
		HideSolutionNode = FALSE
	EndGlobalSection
	GlobalSection(ExtensibilityGlobals) = postSolution
		SolutionGuid = {3E50398C-5F6F-4F89-ACB4-FF6EBAEC5833}
	EndGlobalSection
EndGlobal
