
Microsoft Visual Studio Solution File, Format Version 12.00
# Visual Studio Version 17
VisualStudioVersion = 17.4.33205.214
MinimumVisualStudioVersion = 10.0.40219.1
Project("{888888A0-9F3D-457C-B088-3A5042F75D52}") = "TPYBoard_lib", "TPYBoard_lib\TPYBoard_lib.pyproj", "{F457C473-52BD-4E6E-A43B-99B6DFFBA1F4}"
EndProject
Project("{888888A0-9F3D-457C-B088-3A5042F75D52}") = "TPYBoard-v102", "TPYBoard-v102\TPYBoard-v102.pyproj", "{84F654F0-0DFE-4E33-8A13-FD92633747CA}"
EndProject
Project("{888888A0-9F3D-457C-B088-3A5042F75D52}") = "TPYBoard.App", "TPYBoard.App\TPYBoard.App.pyproj", "{42BE0EEE-35EF-46A0-AEBB-42580867E044}"
EndProject
Global
	GlobalSection(SolutionConfigurationPlatforms) = preSolution
		Debug|Any CPU = Debug|Any CPU
		Release|Any CPU = Release|Any CPU
	EndGlobalSection
	GlobalSection(ProjectConfigurationPlatforms) = postSolution
		{F457C473-52BD-4E6E-A43B-99B6DFFBA1F4}.Debug|Any CPU.ActiveCfg = Debug|Any CPU
		{F457C473-52BD-4E6E-A43B-99B6DFFBA1F4}.Release|Any CPU.ActiveCfg = Release|Any CPU
		{84F654F0-0DFE-4E33-8A13-FD92633747CA}.Debug|Any CPU.ActiveCfg = Debug|Any CPU
		{84F654F0-0DFE-4E33-8A13-FD92633747CA}.Release|Any CPU.ActiveCfg = Release|Any CPU
		{42BE0EEE-35EF-46A0-AEBB-42580867E044}.Debug|Any CPU.ActiveCfg = Debug|Any CPU
		{42BE0EEE-35EF-46A0-AEBB-42580867E044}.Release|Any CPU.ActiveCfg = Release|Any CPU
	EndGlobalSection
	GlobalSection(SolutionProperties) = preSolution
		HideSolutionNode = FALSE
	EndGlobalSection
	GlobalSection(ExtensibilityGlobals) = postSolution
		SolutionGuid = {E3977A5F-46C8-4612-9AE3-3123A4383D31}
	EndGlobalSection
EndGlobal
